{
  "version": 1,
  "dependencies": {
    "net9.0": {
      "System.Drawing.Common": {
        "type": "Direct",
        "requested": "[9.0.5, )",
        "resolved": "9.0.5",
        "contentHash": "T/6nqx0B7/uTe5JjBwrKZilLuwfhHLOVmNKlT/wr4A9Dna94mgTdz3lTfrdJ72QRx7IHCv/LzoJPmFSfK/N6WA==",
        "dependencies": {
          "Microsoft.Win32.SystemEvents": "9.0.5"
        }
      },
      "System.Management": {
        "type": "Direct",
        "requested": "[9.0.5, )",
        "resolved": "9.0.5",
        "contentHash": "n6o9PZm9p25+zAzC3/48K0oHnaPKTInRrxqFq1fi/5TPbMLjuoCm/h//mS3cUmSy+9AO1Z+qsC/Ilt/ZFatv5Q==",
        "dependencies": {
          "System.CodeDom": "9.0.5"
        }
      },
      "Microsoft.Win32.SystemEvents": {
        "type": "Transitive",
        "resolved": "9.0.5",
        "contentHash": "D4OYNpmvAsF9MkaY2W8Jue2XuNHDhygvwzo019hs+lP85KaVnOlXmqsjDKr1dHb1DPxDnOKpe6mAgJN7S6ttwg=="
      },
      "System.CodeDom": {
        "type": "Transitive",
        "resolved": "9.0.5",
        "contentHash": "cuzLM2MWutf9ZBEMPYYfd0DXwYdvntp7VCT6a/wvbKCa2ZuvGmW74xi+YBa2mrfEieAXqM4TNKlMmSnfAfpUoQ=="
      }
    }
  }
}