{
  "version": 1,
  "dependencies": {
    "net9.0-windows10.0.22000": {
      "System.Management": {
        "type": "Direct",
        "requested": "[9.0.5, )",
        "resolved": "9.0.5",
        "contentHash": "n6o9PZm9p25+zAzC3/48K0oHnaPKTInRrxqFq1fi/5TPbMLjuoCm/h//mS3cUmSy+9AO1Z+qsC/Ilt/ZFatv5Q==",
        "dependencies": {
          "System.CodeDom": "9.0.5"
        }
      },
      "Vanara.PInvoke.User32": {
        "type": "Direct",
        "requested": "[4.1.3, )",
        "resolved": "4.1.3",
        "contentHash": "Ov9kbbV7UDLXrHet296pRVQGWrUN3lVzXaGio4IBICZFcCqT+kMpBUTIsfXTRcArfQCqGv0hjiesZ5MaW6B1Hg==",
        "dependencies": {
          "Vanara.PInvoke.Gdi32": "4.1.3",
          "Vanara.PInvoke.Kernel32": "4.1.3"
        }
      },
      "Microsoft.Win32.SystemEvents": {
        "type": "Transitive",
        "resolved": "9.0.5",
        "contentHash": "D4OYNpmvAsF9MkaY2W8Jue2XuNHDhygvwzo019hs+lP85KaVnOlXmqsjDKr1dHb1DPxDnOKpe6mAgJN7S6ttwg=="
      },
      "System.CodeDom": {
        "type": "Transitive",
        "resolved": "9.0.5",
        "contentHash": "cuzLM2MWutf9ZBEMPYYfd0DXwYdvntp7VCT6a/wvbKCa2ZuvGmW74xi+YBa2mrfEieAXqM4TNKlMmSnfAfpUoQ=="
      },
      "System.Drawing.Common": {
        "type": "Transitive",
        "resolved": "9.0.5",
        "contentHash": "T/6nqx0B7/uTe5JjBwrKZilLuwfhHLOVmNKlT/wr4A9Dna94mgTdz3lTfrdJ72QRx7IHCv/LzoJPmFSfK/N6WA==",
        "dependencies": {
          "Microsoft.Win32.SystemEvents": "9.0.5"
        }
      },
      "Vanara.Core": {
        "type": "Transitive",
        "resolved": "4.1.3",
        "contentHash": "nsHkzUXb7Eb0O5iay38Uhqn0eYv4yUPwneZXzlRxyjrw9ySFZz8h1bfAaNKWAaCSqdmcj80wG8rynBHsF6Exyw=="
      },
      "Vanara.PInvoke.Gdi32": {
        "type": "Transitive",
        "resolved": "4.1.3",
        "contentHash": "a7qaHeZX6C08t1nQdu40/rXPd3vPSdX88Qbvd76vSkmBizdDNDpRSSGlBzyK5frxVlzvyzoMrv70uwgEG594xw==",
        "dependencies": {
          "Vanara.PInvoke.Shared": "4.1.3"
        }
      },
      "Vanara.PInvoke.Kernel32": {
        "type": "Transitive",
        "resolved": "4.1.3",
        "contentHash": "sv0aVmFJRSBUq/nIdB66JaDBpUlB1tepmuInlnJv+21uqhJrEIrF77DfFAKjjuAbAUeNoCL6OVcNVPs2Tg0vBQ==",
        "dependencies": {
          "Vanara.PInvoke.Shared": "4.1.3"
        }
      },
      "Vanara.PInvoke.Shared": {
        "type": "Transitive",
        "resolved": "4.1.3",
        "contentHash": "iROx+wXrbSyZ+zwxfUjRyo+67VZpF8PwqY/9H7fuMjyiL0squeHilHaeawt0SQgNbYDl2DntKjDfVYd/ua0GkQ==",
        "dependencies": {
          "Vanara.Core": "4.1.3"
        }
      },
      "spheres_lib": {
        "type": "Project",
        "dependencies": {
          "System.Drawing.Common": "[9.0.5, )",
          "System.Management": "[9.0.5, )"
        }
      }
    },
    "net9.0-windows10.0.22000/win-arm64": {
      "System.Management": {
        "type": "Direct",
        "requested": "[9.0.5, )",
        "resolved": "9.0.5",
        "contentHash": "n6o9PZm9p25+zAzC3/48K0oHnaPKTInRrxqFq1fi/5TPbMLjuoCm/h//mS3cUmSy+9AO1Z+qsC/Ilt/ZFatv5Q==",
        "dependencies": {
          "System.CodeDom": "9.0.5"
        }
      },
      "Microsoft.Win32.SystemEvents": {
        "type": "Transitive",
        "resolved": "9.0.5",
        "contentHash": "D4OYNpmvAsF9MkaY2W8Jue2XuNHDhygvwzo019hs+lP85KaVnOlXmqsjDKr1dHb1DPxDnOKpe6mAgJN7S6ttwg=="
      }
    }
  }
}